
Microsoft Visual Studio Solution File, Format Version 12.00
# Visual Studio Version 16
VisualStudioVersion = 16.0.31410.357
MinimumVisualStudioVersion = 10.0.40219.1
Project("{9A19103F-16F7-4668-BE54-9A1E7A4F7556}") = "BlazorSimpleSVG", "BlazorSimpleSVG\BlazorSimpleSVG.csproj", "{63DE9B8D-A532-4975-9B98-027453A68BBC}"
EndProject
Project("{9A19103F-16F7-4668-BE54-9A1E7A4F7556}") = "BlazorWheelZoom2", "BlazorWheelZoom2\BlazorWheelZoom2.csproj", "{DA97F94A-44A6-4087-86E5-CD91F506B4CA}"
EndProject
Project("{9A19103F-16F7-4668-BE54-9A1E7A4F7556}") = "BlazorWheelZoom2Example", "BlazorWheelZoom2Example\BlazorWheelZoom2Example.csproj", "{9E02B806-966C-4843-AD49-15BBC1C3996C}"
EndProject
Global
	GlobalSection(SolutionConfigurationPlatforms) = preSolution
		Debug|Any CPU = Debug|Any CPU
		Release|Any CPU = Release|Any CPU
	EndGlobalSection
	GlobalSection(ProjectConfigurationPlatforms) = postSolution
		{63DE9B8D-A532-4975-9B98-027453A68BBC}.Debug|Any CPU.ActiveCfg = Debug|Any CPU
		{63DE9B8D-A532-4975-9B98-027453A68BBC}.Debug|Any CPU.Build.0 = Debug|Any CPU
		{63DE9B8D-A532-4975-9B98-027453A68BBC}.Release|Any CPU.ActiveCfg = Release|Any CPU
		{63DE9B8D-A532-4975-9B98-027453A68BBC}.Release|Any CPU.Build.0 = Release|Any CPU
		{DA97F94A-44A6-4087-86E5-CD91F506B4CA}.Debug|Any CPU.ActiveCfg = Debug|Any CPU
		{DA97F94A-44A6-4087-86E5-CD91F506B4CA}.Debug|Any CPU.Build.0 = Debug|Any CPU
		{DA97F94A-44A6-4087-86E5-CD91F506B4CA}.Release|Any CPU.ActiveCfg = Release|Any CPU
		{DA97F94A-44A6-4087-86E5-CD91F506B4CA}.Release|Any CPU.Build.0 = Release|Any CPU
		{9E02B806-966C-4843-AD49-15BBC1C3996C}.Debug|Any CPU.ActiveCfg = Debug|Any CPU
		{9E02B806-966C-4843-AD49-15BBC1C3996C}.Debug|Any CPU.Build.0 = Debug|Any CPU
		{9E02B806-966C-4843-AD49-15BBC1C3996C}.Release|Any CPU.ActiveCfg = Release|Any CPU
		{9E02B806-966C-4843-AD49-15BBC1C3996C}.Release|Any CPU.Build.0 = Release|Any CPU
	EndGlobalSection
	GlobalSection(SolutionProperties) = preSolution
		HideSolutionNode = FALSE
	EndGlobalSection
	GlobalSection(ExtensibilityGlobals) = postSolution
		SolutionGuid = {CC5C1C20-C3D1-4C4D-BE7A-FDE8430C7DC1}
	EndGlobalSection
EndGlobal
